// !$*UTF8*$!
{
	archiveVersion = 1;
	classes = {
	};
	objectVersion = 46;
	objects = {

/* Begin PBXBuildFile section */
		8908F9281D96F90A00D2B35F /* AppDelegate.swift in Sources */ = {isa = PBXBuildFile; fileRef = 8908F9271D96F90A00D2B35F /* AppDelegate.swift */; };
		8908F92A1D96F90A00D2B35F /* ViewController.swift in Sources */ = {isa = PBXBuildFile; fileRef = 8908F9291D96F90A00D2B35F /* ViewController.swift */; };
		8908F92F1D96F90A00D2B35F /* Assets.xcassets in Resources */ = {isa = PBXBuildFile; fileRef = 8908F92E1D96F90A00D2B35F /* Assets.xcassets */; };
		8908F9321D96F90A00D2B35F /* LaunchScreen.storyboard in Resources */ = {isa = PBXBuildFile; fileRef = 8908F9301D96F90A00D2B35F /* LaunchScreen.storyboard */; };
		8908F93C1D971D4300D2B35F /* HomeVC.swift in Sources */ = {isa = PBXBuildFile; fileRef = 8908F93B1D971D4300D2B35F /* HomeVC.swift */; };
		8908F93E1D97223F00D2B35F /* LocationsVC.swift in Sources */ = {isa = PBXBuildFile; fileRef = 8908F93D1D97223F00D2B35F /* LocationsVC.swift */; };
		8908F9401D97461200D2B35F /* NewsVC.swift in Sources */ = {isa = PBXBuildFile; fileRef = 8908F93F1D97461200D2B35F /* NewsVC.swift */; };
		8908F9421D975BB800D2B35F /* ArticleVC.swift in Sources */ = {isa = PBXBuildFile; fileRef = 8908F9411D975BB800D2B35F /* ArticleVC.swift */; };
		8908F9441D97956100D2B35F /* DepositVC.swift in Sources */ = {isa = PBXBuildFile; fileRef = 8908F9431D97956100D2B35F /* DepositVC.swift */; };
		8908F9481D979C4100D2B35F /* TransactionTVC.swift in Sources */ = {isa = PBXBuildFile; fileRef = 8908F9471D979C4100D2B35F /* TransactionTVC.swift */; };
		8908F94B1D979D4D00D2B35F /* Main.storyboard in Resources */ = {isa = PBXBuildFile; fileRef = 8908F9491D979D4D00D2B35F /* Main.storyboard */; };
		8908F94D1D979EC800D2B35F /* TTVC.swift in Sources */ = {isa = PBXBuildFile; fileRef = 8908F94C1D979EC800D2B35F /* TTVC.swift */; };
/* End PBXBuildFile section */

/* Begin PBXFileReference section */
		8908F9241D96F90A00D2B35F /* GoldmanSachs.app */ = {isa = PBXFileReference; explicitFileType = wrapper.application; includeInIndex = 0; path = GoldmanSachs.app; sourceTree = BUILT_PRODUCTS_DIR; };
		8908F9271D96F90A00D2B35F /* AppDelegate.swift */ = {isa = PBXFileReference; lastKnownFileType = sourcecode.swift; path = AppDelegate.swift; sourceTree = "<group>"; };
		8908F9291D96F90A00D2B35F /* ViewController.swift */ = {isa = PBXFileReference; lastKnownFileType = sourcecode.swift; path = ViewController.swift; sourceTree = "<group>"; };
		8908F92E1D96F90A00D2B35F /* Assets.xcassets */ = {isa = PBXFileReference; lastKnownFileType = folder.assetcatalog; path = Assets.xcassets; sourceTree = "<group>"; };
		8908F9311D96F90A00D2B35F /* Base */ = {isa = PBXFileReference; lastKnownFileType = file.storyboard; name = Base; path = Base.lproj/LaunchScreen.storyboard; sourceTree = "<group>"; };
		8908F9331D96F90A00D2B35F /* Info.plist */ = {isa = PBXFileReference; lastKnownFileType = text.plist.xml; path = Info.plist; sourceTree = "<group>"; };
		8908F93B1D971D4300D2B35F /* HomeVC.swift */ = {isa = PBXFileReference; fileEncoding = 4; lastKnownFileType = sourcecode.swift; path = HomeVC.swift; sourceTree = "<group>"; };
		8908F93D1D97223F00D2B35F /* LocationsVC.swift */ = {isa = PBXFileReference; fileEncoding = 4; lastKnownFileType = sourcecode.swift; path = LocationsVC.swift; sourceTree = "<group>"; };
		8908F93F1D97461200D2B35F /* NewsVC.swift */ = {isa = PBXFileReference; fileEncoding = 4; lastKnownFileType = sourcecode.swift; name = NewsVC.swift; path = ../NewsVC.swift; sourceTree = "<group>"; };
		8908F9411D975BB800D2B35F /* ArticleVC.swift */ = {isa = PBXFileReference; fileEncoding = 4; lastKnownFileType = sourcecode.swift; path = ArticleVC.swift; sourceTree = "<group>"; };
		8908F9431D97956100D2B35F /* DepositVC.swift */ = {isa = PBXFileReference; fileEncoding = 4; lastKnownFileType = sourcecode.swift; path = DepositVC.swift; sourceTree = "<group>"; };
		8908F9471D979C4100D2B35F /* TransactionTVC.swift */ = {isa = PBXFileReference; fileEncoding = 4; lastKnownFileType = sourcecode.swift; name = TransactionTVC.swift; path = ../TransactionTVC.swift; sourceTree = "<group>"; };
		8908F94A1D979D4D00D2B35F /* Base */ = {isa = PBXFileReference; lastKnownFileType = file.storyboard; name = Base; path = Base.lproj/Main.storyboard; sourceTree = "<group>"; };
		8908F94C1D979EC800D2B35F /* TTVC.swift */ = {isa = PBXFileReference; fileEncoding = 4; lastKnownFileType = sourcecode.swift; path = TTVC.swift; sourceTree = "<group>"; };
/* End PBXFileReference section */

/* Begin PBXFrameworksBuildPhase section */
		8908F9211D96F90900D2B35F /* Frameworks */ = {
			isa = PBXFrameworksBuildPhase;
			buildActionMask = 2147483647;
			files = (
			);
			runOnlyForDeploymentPostprocessing = 0;
		};
/* End PBXFrameworksBuildPhase section */

/* Begin PBXGroup section */
		8908F91B1D96F90900D2B35F = {
			isa = PBXGroup;
			children = (
				8908F9261D96F90A00D2B35F /* GoldmanSachs */,
				8908F9251D96F90A00D2B35F /* Products */,
			);
			sourceTree = "<group>";
		};
		8908F9251D96F90A00D2B35F /* Products */ = {
			isa = PBXGroup;
			children = (
				8908F9241D96F90A00D2B35F /* GoldmanSachs.app */,
			);
			name = Products;
			sourceTree = "<group>";
		};
		8908F9261D96F90A00D2B35F /* GoldmanSachs */ = {
			isa = PBXGroup;
			children = (
				8908F93F1D97461200D2B35F /* NewsVC.swift */,
				8908F9271D96F90A00D2B35F /* AppDelegate.swift */,
				8908F9471D979C4100D2B35F /* TransactionTVC.swift */,
				8908F9491D979D4D00D2B35F /* Main.storyboard */,
				8908F94C1D979EC800D2B35F /* TTVC.swift */,
				8908F9291D96F90A00D2B35F /* ViewController.swift */,
				8908F93B1D971D4300D2B35F /* HomeVC.swift */,
				8908F9431D97956100D2B35F /* DepositVC.swift */,
				8908F9411D975BB800D2B35F /* ArticleVC.swift */,
				8908F93D1D97223F00D2B35F /* LocationsVC.swift */,
				8908F92E1D96F90A00D2B35F /* Assets.xcassets */,
				8908F9301D96F90A00D2B35F /* LaunchScreen.storyboard */,
				8908F9331D96F90A00D2B35F /* Info.plist */,
			);
			path = GoldmanSachs;
			sourceTree = "<group>";
		};
/* End PBXGroup section */

/* Begin PBXNativeTarget section */
		8908F9231D96F90900D2B35F /* GoldmanSachs */ = {
			isa = PBXNativeTarget;
			buildConfigurationList = 8908F9361D96F90A00D2B35F /* Build configuration list for PBXNativeTarget "GoldmanSachs" */;
			buildPhases = (
				8908F9201D96F90900D2B35F /* Sources */,
				8908F9211D96F90900D2B35F /* Frameworks */,
				8908F9221D96F90900D2B35F /* Resources */,
			);
			buildRules = (
			);
			dependencies = (
			);
			name = GoldmanSachs;
			productName = GoldmanSachs;
			productReference = 8908F9241D96F90A00D2B35F /* GoldmanSachs.app */;
			productType = "com.apple.product-type.application";
		};
/* End PBXNativeTarget section */

/* Begin PBXProject section */
		8908F91C1D96F90900D2B35F /* Project object */ = {
			isa = PBXProject;
			attributes = {
				LastSwiftUpdateCheck = 0800;
				LastUpgradeCheck = 0800;
				ORGANIZATIONNAME = "Lakshay Sharma";
				TargetAttributes = {
					8908F9231D96F90900D2B35F = {
						CreatedOnToolsVersion = 8.0;
						DevelopmentTeam = 2625R2SZ5X;
						ProvisioningStyle = Automatic;
					};
				};
			};
			buildConfigurationList = 8908F91F1D96F90900D2B35F /* Build configuration list for PBXProject "GoldmanSachs" */;
			compatibilityVersion = "Xcode 3.2";
			developmentRegion = English;
			hasScannedForEncodings = 0;
			knownRegions = (
				en,
				Base,
			);
			mainGroup = 8908F91B1D96F90900D2B35F;
			productRefGroup = 8908F9251D96F90A00D2B35F /* Products */;
			projectDirPath = "";
			projectRoot = "";
			targets = (
				8908F9231D96F90900D2B35F /* GoldmanSachs */,
			);
		};
/* End PBXProject section */

/* Begin PBXResourcesBuildPhase section */
		8908F9221D96F90900D2B35F /* Resources */ = {
			isa = PBXResourcesBuildPhase;
			buildActionMask = 2147483647;
			files = (
				8908F94B1D979D4D00D2B35F /* Main.storyboard in Resources */,
				8908F9321D96F90A00D2B35F /* LaunchScreen.storyboard in Resources */,
				8908F92F1D96F90A00D2B35F /* Assets.xcassets in Resources */,
			);
			runOnlyForDeploymentPostprocessing = 0;
		};
/* End PBXResourcesBuildPhase section */

/* Begin PBXSourcesBuildPhase section */
		8908F9201D96F90900D2B35F /* Sources */ = {
			isa = PBXSourcesBuildPhase;
			buildActionMask = 2147483647;
			files = (
				8908F92A1D96F90A00D2B35F /* ViewController.swift in Sources */,
				8908F9421D975BB800D2B35F /* ArticleVC.swift in Sources */,
				8908F94D1D979EC800D2B35F /* TTVC.swift in Sources */,
				8908F9481D979C4100D2B35F /* TransactionTVC.swift in Sources */,
				8908F9401D97461200D2B35F /* NewsVC.swift in Sources */,
				8908F93E1D97223F00D2B35F /* LocationsVC.swift in Sources */,
				8908F9441D97956100D2B35F /* DepositVC.swift in Sources */,
				8908F9281D96F90A00D2B35F /* AppDelegate.swift in Sources */,
				8908F93C1D971D4300D2B35F /* HomeVC.swift in Sources */,
			);
			runOnlyForDeploymentPostprocessing = 0;
		};
/* End PBXSourcesBuildPhase section */

/* Begin PBXVariantGroup section */
		8908F9301D96F90A00D2B35F /* LaunchScreen.storyboard */ = {
			isa = PBXVariantGroup;
			children = (
				8908F9311D96F90A00D2B35F /* Base */,
			);
			name = LaunchScreen.storyboard;
			sourceTree = "<group>";
		};
		8908F9491D979D4D00D2B35F /* Main.storyboard */ = {
			isa = PBXVariantGroup;
			children = (
				8908F94A1D979D4D00D2B35F /* Base */,
			);
			name = Main.storyboard;
			sourceTree = "<group>";
		};
/* End PBXVariantGroup section */

/* Begin XCBuildConfiguration section */
		8908F9341D96F90A00D2B35F /* Debug */ = {
			isa = XCBuildConfiguration;
			buildSettings = {
				ALWAYS_SEARCH_USER_PATHS = NO;
				CLANG_ANALYZER_NONNULL = YES;
				CLANG_CXX_LANGUAGE_STANDARD = "gnu++0x";
				CLANG_CXX_LIBRARY = "libc++";
				CLANG_ENABLE_MODULES = YES;
				CLANG_ENABLE_OBJC_ARC = YES;
				CLANG_WARN_BOOL_CONVERSION = YES;
				CLANG_WARN_CONSTANT_CONVERSION = YES;
				CLANG_WARN_DIRECT_OBJC_ISA_USAGE = YES_ERROR;
				CLANG_WARN_DOCUMENTATION_COMMENTS = YES;
				CLANG_WARN_EMPTY_BODY = YES;
				CLANG_WARN_ENUM_CONVERSION = YES;
				CLANG_WARN_INFINITE_RECURSION = YES;
				CLANG_WARN_INT_CONVERSION = YES;
				CLANG_WARN_OBJC_ROOT_CLASS = YES_ERROR;
				CLANG_WARN_SUSPICIOUS_MOVES = YES;
				CLANG_WARN_UNREACHABLE_CODE = YES;
				CLANG_WARN__DUPLICATE_METHOD_MATCH = YES;
				"CODE_SIGN_IDENTITY[sdk=iphoneos*]" = "iPhone Developer";
				COPY_PHASE_STRIP = NO;
				DEBUG_INFORMATION_FORMAT = dwarf;
				ENABLE_STRICT_OBJC_MSGSEND = YES;
				ENABLE_TESTABILITY = YES;
				GCC_C_LANGUAGE_STANDARD = gnu99;
				GCC_DYNAMIC_NO_PIC = NO;
				GCC_NO_COMMON_BLOCKS = YES;
				GCC_OPTIMIZATION_LEVEL = 0;
				GCC_PREPROCESSOR_DEFINITIONS = (
					"DEBUG=1",
					"$(inherited)",
				);
				GCC_WARN_64_TO_32_BIT_CONVERSION = YES;
				GCC_WARN_ABOUT_RETURN_TYPE = YES_ERROR;
				GCC_WARN_UNDECLARED_SELECTOR = YES;
				GCC_WARN_UNINITIALIZED_AUTOS = YES_AGGRESSIVE;
				GCC_WARN_UNUSED_FUNCTION = YES;
				GCC_WARN_UNUSED_VARIABLE = YES;
				IPHONEOS_DEPLOYMENT_TARGET = 10.0;
				MTL_ENABLE_DEBUG_INFO = YES;
				ONLY_ACTIVE_ARCH = YES;
				SDKROOT = iphoneos;
				SWIFT_ACTIVE_COMPILATION_CONDITIONS = DEBUG;
				SWIFT_OPTIMIZATION_LEVEL = "-Onone";
			};
			name = Debug;
		};
		8908F9351D96F90A00D2B35F /* Release */ = {
			isa = XCBuildConfiguration;
			buildSettings = {
				ALWAYS_SEARCH_USER_PATHS = NO;
				CLANG_ANALYZER_NONNULL = YES;
				CLANG_CXX_LANGUAGE_STANDARD = "gnu++0x";
				CLANG_CXX_LIBRARY = "libc++";
				CLANG_ENABLE_MODULES = YES;
				CLANG_ENABLE_OBJC_ARC = YES;
				CLANG_WARN_BOOL_CONVERSION = YES;
				CLANG_WARN_CONSTANT_CONVERSION = YES;
				CLANG_WARN_DIRECT_OBJC_ISA_USAGE = YES_ERROR;
				CLANG_WARN_DOCUMENTATION_COMMENTS = YES;
				CLANG_WARN_EMPTY_BODY = YES;
				CLANG_WARN_ENUM_CONVERSION = YES;
				CLANG_WARN_INFINITE_RECURSION = YES;
				CLANG_WARN_INT_CONVERSION = YES;
				CLANG_WARN_OBJC_ROOT_CLASS = YES_ERROR;
				CLANG_WARN_SUSPICIOUS_MOVES = YES;
				CLANG_WARN_UNREACHABLE_CODE = YES;
				CLANG_WARN__DUPLICATE_METHOD_MATCH = YES;
				"CODE_SIGN_IDENTITY[sdk=iphoneos*]" = "iPhone Developer";
				COPY_PHASE_STRIP = NO;
				DEBUG_INFORMATION_FORMAT = "dwarf-with-dsym";
				ENABLE_NS_ASSERTIONS = NO;
				ENABLE_STRICT_OBJC_MSGSEND = YES;
				GCC_C_LANGUAGE_STANDARD = gnu99;
				GCC_NO_COMMON_BLOCKS = YES;
				GCC_WARN_64_TO_32_BIT_CONVERSION = YES;
				GCC_WARN_ABOUT_RETURN_TYPE = YES_ERROR;
				GCC_WARN_UNDECLARED_SELECTOR = YES;
				GCC_WARN_UNINITIALIZED_AUTOS = YES_AGGRESSIVE;
				GCC_WARN_UNUSED_FUNCTION = YES;
				GCC_WARN_UNUSED_VARIABLE = YES;
				IPHONEOS_DEPLOYMENT_TARGET = 10.0;
				MTL_ENABLE_DEBUG_INFO = NO;
				SDKROOT = iphoneos;
				SWIFT_OPTIMIZATION_LEVEL = "-Owholemodule";
				VALIDATE_PRODUCT = YES;
			};
			name = Release;
		};
		8908F9371D96F90A00D2B35F /* Debug */ = {
			isa = XCBuildConfiguration;
			buildSettings = {
				ASSETCATALOG_COMPILER_APPICON_NAME = AppIcon;
				DEVELOPMENT_TEAM = 2625R2SZ5X;
				INFOPLIST_FILE = GoldmanSachs/Info.plist;
				LD_RUNPATH_SEARCH_PATHS = "$(inherited) @executable_path/Frameworks";
				PRODUCT_BUNDLE_IDENTIFIER = com.LakshaySharma.GoldmanSachs;
				PRODUCT_NAME = "$(TARGET_NAME)";
				SWIFT_VERSION = 3.0;
			};
			name = Debug;
		};
		8908F9381D96F90A00D2B35F /* Release */ = {
			isa = XCBuildConfiguration;
			buildSettings = {
				ASSETCATALOG_COMPILER_APPICON_NAME = AppIcon;
				DEVELOPMENT_TEAM = 2625R2SZ5X;
				INFOPLIST_FILE = GoldmanSachs/Info.plist;
				LD_RUNPATH_SEARCH_PATHS = "$(inherited) @executable_path/Frameworks";
				PRODUCT_BUNDLE_IDENTIFIER = com.LakshaySharma.GoldmanSachs;
				PRODUCT_NAME = "$(TARGET_NAME)";
				SWIFT_VERSION = 3.0;
			};
			name = Release;
		};
/* End XCBuildConfiguration section */

/* Begin XCConfigurationList section */
		8908F91F1D96F90900D2B35F /* Build configuration list for PBXProject "GoldmanSachs" */ = {
			isa = XCConfigurationList;
			buildConfigurations = (
				8908F9341D96F90A00D2B35F /* Debug */,
				8908F9351D96F90A00D2B35F /* Release */,
			);
			defaultConfigurationIsVisible = 0;
			defaultConfigurationName = Release;
		};
		8908F9361D96F90A00D2B35F /* Build configuration list for PBXNativeTarget "GoldmanSachs" */ = {
			isa = XCConfigurationList;
			buildConfigurations = (
				8908F9371D96F90A00D2B35F /* Debug */,
				8908F9381D96F90A00D2B35F /* Release */,
			);
			defaultConfigurationIsVisible = 0;
		};
/* End XCConfigurationList section */
	};
	rootObject = 8908F91C1D96F90900D2B35F /* Project object */;
}
